
Microsoft Visual Studio Solution File, Format Version 12.00
# Visual Studio Version 17
VisualStudioVersion = 17.0.31903.59
MinimumVisualStudioVersion = 10.0.40219.1
Project("{2150E333-8FDC-42A3-9474-1A3956D46DE8}") = "src", "src", "{C2BAB659-9340-4809-A969-2CA34ED01719}"
EndProject
Project("{FAE04EC0-301F-11D3-BF4B-00C04F79EFBC}") = "EasyControl.Api", "src\EasyControl.Api\EasyControl.Api.csproj", "{A091E963-3FC0-4504-B500-C4E1680C08CF}"
EndProject
Project("{2150E333-8FDC-42A3-9474-1A3956D46DE8}") = "test", "test", "{1E3ED2C5-1EAB-4A04-923A-1E84FCD4E7DF}"
EndProject
Project("{FAE04EC0-301F-11D3-BF4B-00C04F79EFBC}") = "EasyControl.Test", "test\EasyControl.Test\EasyControl.Test.csproj", "{FA57EAE5-CE56-4052-AAFE-7093607B9B78}"
EndProject
Global
	GlobalSection(SolutionConfigurationPlatforms) = preSolution
		Debug|Any CPU = Debug|Any CPU
		Release|Any CPU = Release|Any CPU
	EndGlobalSection
	GlobalSection(SolutionProperties) = preSolution
		HideSolutionNode = FALSE
	EndGlobalSection
	GlobalSection(ProjectConfigurationPlatforms) = postSolution
		{A091E963-3FC0-4504-B500-C4E1680C08CF}.Debug|Any CPU.ActiveCfg = Debug|Any CPU
		{A091E963-3FC0-4504-B500-C4E1680C08CF}.Debug|Any CPU.Build.0 = Debug|Any CPU
		{A091E963-3FC0-4504-B500-C4E1680C08CF}.Release|Any CPU.ActiveCfg = Release|Any CPU
		{A091E963-3FC0-4504-B500-C4E1680C08CF}.Release|Any CPU.Build.0 = Release|Any CPU
		{FA57EAE5-CE56-4052-AAFE-7093607B9B78}.Debug|Any CPU.ActiveCfg = Debug|Any CPU
		{FA57EAE5-CE56-4052-AAFE-7093607B9B78}.Debug|Any CPU.Build.0 = Debug|Any CPU
		{FA57EAE5-CE56-4052-AAFE-7093607B9B78}.Release|Any CPU.ActiveCfg = Release|Any CPU
		{FA57EAE5-CE56-4052-AAFE-7093607B9B78}.Release|Any CPU.Build.0 = Release|Any CPU
	EndGlobalSection
	GlobalSection(NestedProjects) = preSolution
		{A091E963-3FC0-4504-B500-C4E1680C08CF} = {C2BAB659-9340-4809-A969-2CA34ED01719}
		{FA57EAE5-CE56-4052-AAFE-7093607B9B78} = {1E3ED2C5-1EAB-4A04-923A-1E84FCD4E7DF}
	EndGlobalSection
EndGlobal
